
Microsoft Visual Studio Solution File, Format Version 12.00
# Visual Studio Version 16
VisualStudioVersion = 16.0.30011.22
MinimumVisualStudioVersion = 10.0.40219.1
Project("{FAE04EC0-301F-11D3-BF4B-00C04F79EFBC}") = "BaigiamasisDarbas_Orai_Sergej", "BaigiamasisDarbas_Orai_Sergej\BaigiamasisDarbas_Orai_Sergej.csproj", "{A89E56D8-CF29-4EB8-9162-BADAE0B6FFAE}"
EndProject
Global
	GlobalSection(SolutionConfigurationPlatforms) = preSolution
		Debug|Any CPU = Debug|Any CPU
		Release|Any CPU = Release|Any CPU
	EndGlobalSection
	GlobalSection(ProjectConfigurationPlatforms) = postSolution
		{A89E56D8-CF29-4EB8-9162-BADAE0B6FFAE}.Debug|Any CPU.ActiveCfg = Debug|Any CPU
		{A89E56D8-CF29-4EB8-9162-BADAE0B6FFAE}.Debug|Any CPU.Build.0 = Debug|Any CPU
		{A89E56D8-CF29-4EB8-9162-BADAE0B6FFAE}.Release|Any CPU.ActiveCfg = Release|Any CPU
		{A89E56D8-CF29-4EB8-9162-BADAE0B6FFAE}.Release|Any CPU.Build.0 = Release|Any CPU
	EndGlobalSection
	GlobalSection(SolutionProperties) = preSolution
		HideSolutionNode = FALSE
	EndGlobalSection
	GlobalSection(ExtensibilityGlobals) = postSolution
		SolutionGuid = {4F506833-E212-4213-A31D-B383EEFC2E56}
	EndGlobalSection
EndGlobal
